
Microsoft Visual Studio Solution File, Format Version 12.00
# Visual Studio Version 17
VisualStudioVersion = 17.2.32516.85
MinimumVisualStudioVersion = 10.0.40219.1
Project("{2150E333-8FDC-42A3-9474-1A3956D46DE8}") = "build", "build", "{4FBBC7F5-D6FB-43DC-B674-03C7346A268B}"
	ProjectSection(SolutionItems) = preProject
		build\incre_ver.ps1 = build\incre_ver.ps1
		build\pack.ps1 = build\pack.ps1
		build\pkg.version = build\pkg.version
	EndProjectSection
EndProject
Project("{2150E333-8FDC-42A3-9474-1A3956D46DE8}") = "github", "github", "{B9E45210-0531-4DEB-9E03-B3CAEF4C52C8}"
	ProjectSection(SolutionItems) = preProject
		.github\workflows\build.yml = .github\workflows\build.yml
		.github\dependabot.yml = .github\dependabot.yml
		.github\workflows\send-event.yml = .github\workflows\send-event.yml
	EndProjectSection
EndProject
Project("{2150E333-8FDC-42A3-9474-1A3956D46DE8}") = "src", "src", "{C2037C3C-ED43-4531-B36F-F44126C4958A}"
	ProjectSection(SolutionItems) = preProject
		src\Directory.Build.props = src\Directory.Build.props
		src\Directory.Build.targets = src\Directory.Build.targets
	EndProjectSection
EndProject
Project("{2150E333-8FDC-42A3-9474-1A3956D46DE8}") = "config", "config", "{DB9BD709-2878-485F-A882-275991601752}"
	ProjectSection(SolutionItems) = preProject
		.editorconfig = .editorconfig
		NuGet.Config = NuGet.Config
		README.md = README.md
	EndProjectSection
EndProject
Project("{2150E333-8FDC-42A3-9474-1A3956D46DE8}") = "test", "test", "{F6DA59D1-60C5-43B7-9B96-95CD6E823FAF}"
	ProjectSection(SolutionItems) = preProject
		test\Directory.Build.props = test\Directory.Build.props
		test\Directory.Build.targets = test\Directory.Build.targets
	EndProjectSection
EndProject
Project("{FAE04EC0-301F-11D3-BF4B-00C04F79EFBC}") = "FclEx.Wmi", "src\FclEx.Wmi\FclEx.Wmi.csproj", "{5FCC21C3-E1B3-44D9-AC25-E0F25E07D784}"
EndProject
Project("{FAE04EC0-301F-11D3-BF4B-00C04F79EFBC}") = "FclEx.Wmi.SourceGenerator", "src\FclEx.Wmi.SourceGenerator\FclEx.Wmi.SourceGenerator.csproj", "{85412FFF-F39D-4362-9E38-31401CCD4548}"
EndProject
Project("{FAE04EC0-301F-11D3-BF4B-00C04F79EFBC}") = "FclEx.Wmi.Tests", "test\FclEx.Wmi.Tests\FclEx.Wmi.Tests.csproj", "{E243F2A3-4EAE-4B63-BFC7-0083D6A1316A}"
EndProject
Global
	GlobalSection(SolutionConfigurationPlatforms) = preSolution
		Debug|Any CPU = Debug|Any CPU
		Release|Any CPU = Release|Any CPU
	EndGlobalSection
	GlobalSection(ProjectConfigurationPlatforms) = postSolution
		{5FCC21C3-E1B3-44D9-AC25-E0F25E07D784}.Debug|Any CPU.ActiveCfg = Debug|Any CPU
		{5FCC21C3-E1B3-44D9-AC25-E0F25E07D784}.Debug|Any CPU.Build.0 = Debug|Any CPU
		{5FCC21C3-E1B3-44D9-AC25-E0F25E07D784}.Release|Any CPU.ActiveCfg = Release|Any CPU
		{5FCC21C3-E1B3-44D9-AC25-E0F25E07D784}.Release|Any CPU.Build.0 = Release|Any CPU
		{85412FFF-F39D-4362-9E38-31401CCD4548}.Debug|Any CPU.ActiveCfg = Debug|Any CPU
		{85412FFF-F39D-4362-9E38-31401CCD4548}.Debug|Any CPU.Build.0 = Debug|Any CPU
		{85412FFF-F39D-4362-9E38-31401CCD4548}.Release|Any CPU.ActiveCfg = Release|Any CPU
		{85412FFF-F39D-4362-9E38-31401CCD4548}.Release|Any CPU.Build.0 = Release|Any CPU
		{E243F2A3-4EAE-4B63-BFC7-0083D6A1316A}.Debug|Any CPU.ActiveCfg = Debug|Any CPU
		{E243F2A3-4EAE-4B63-BFC7-0083D6A1316A}.Debug|Any CPU.Build.0 = Debug|Any CPU
		{E243F2A3-4EAE-4B63-BFC7-0083D6A1316A}.Release|Any CPU.ActiveCfg = Release|Any CPU
		{E243F2A3-4EAE-4B63-BFC7-0083D6A1316A}.Release|Any CPU.Build.0 = Release|Any CPU
	EndGlobalSection
	GlobalSection(SolutionProperties) = preSolution
		HideSolutionNode = FALSE
	EndGlobalSection
	GlobalSection(NestedProjects) = preSolution
		{5FCC21C3-E1B3-44D9-AC25-E0F25E07D784} = {C2037C3C-ED43-4531-B36F-F44126C4958A}
		{85412FFF-F39D-4362-9E38-31401CCD4548} = {C2037C3C-ED43-4531-B36F-F44126C4958A}
		{E243F2A3-4EAE-4B63-BFC7-0083D6A1316A} = {F6DA59D1-60C5-43B7-9B96-95CD6E823FAF}
	EndGlobalSection
	GlobalSection(ExtensibilityGlobals) = postSolution
		SolutionGuid = {A8ABB718-B200-438A-8C51-18280C33E805}
	EndGlobalSection
EndGlobal
